
Microsoft Visual Studio Solution File, Format Version 12.00
# Visual Studio Version 16
VisualStudioVersion = 16.0.32126.315
MinimumVisualStudioVersion = 10.0.40219.1
Project("{FAE04EC0-301F-11D3-BF4B-00C04F79EFBC}") = "CouponOCR.UWP", "CouponOCR\CouponOCR.UWP\CouponOCR.UWP.csproj", "{C3BFE6A9-BC1B-4009-951D-15C98C4C306F}"
EndProject
Project("{FAE04EC0-301F-11D3-BF4B-00C04F79EFBC}") = "CouponOCR.Android", "CouponOCR\CouponOCR.Android\CouponOCR.Android.csproj", "{119924A2-977D-43E1-8FB1-0444F6663131}"
EndProject
Project("{FAE04EC0-301F-11D3-BF4B-00C04F79EFBC}") = "CouponOCR.iOS", "CouponOCR\CouponOCR.iOS\CouponOCR.iOS.csproj", "{82037EBE-34BB-4758-999E-555F125CE50B}"
EndProject
Project("{FAE04EC0-301F-11D3-BF4B-00C04F79EFBC}") = "CouponOCR", "CouponOCR\CouponOCR\CouponOCR.csproj", "{D86ECAF4-AACE-4A61-BB18-0F139C060CC5}"
EndProject
Global
	GlobalSection(SolutionConfigurationPlatforms) = preSolution
		Debug|Any CPU = Debug|Any CPU
		Debug|ARM = Debug|ARM
		Debug|iPhone = Debug|iPhone
		Debug|iPhoneSimulator = Debug|iPhoneSimulator
		Debug|x64 = Debug|x64
		Debug|x86 = Debug|x86
		Release|Any CPU = Release|Any CPU
		Release|ARM = Release|ARM
		Release|iPhone = Release|iPhone
		Release|iPhoneSimulator = Release|iPhoneSimulator
		Release|x64 = Release|x64
		Release|x86 = Release|x86
	EndGlobalSection
	GlobalSection(ProjectConfigurationPlatforms) = postSolution
		{C3BFE6A9-BC1B-4009-951D-15C98C4C306F}.Debug|Any CPU.ActiveCfg = Debug|x86
		{C3BFE6A9-BC1B-4009-951D-15C98C4C306F}.Debug|Any CPU.Build.0 = Debug|x86
		{C3BFE6A9-BC1B-4009-951D-15C98C4C306F}.Debug|Any CPU.Deploy.0 = Debug|x86
		{C3BFE6A9-BC1B-4009-951D-15C98C4C306F}.Debug|ARM.ActiveCfg = Debug|ARM
		{C3BFE6A9-BC1B-4009-951D-15C98C4C306F}.Debug|ARM.Build.0 = Debug|ARM
		{C3BFE6A9-BC1B-4009-951D-15C98C4C306F}.Debug|ARM.Deploy.0 = Debug|ARM
		{C3BFE6A9-BC1B-4009-951D-15C98C4C306F}.Debug|iPhone.ActiveCfg = Debug|x86
		{C3BFE6A9-BC1B-4009-951D-15C98C4C306F}.Debug|iPhone.Build.0 = Debug|x86
		{C3BFE6A9-BC1B-4009-951D-15C98C4C306F}.Debug|iPhone.Deploy.0 = Debug|x86
		{C3BFE6A9-BC1B-4009-951D-15C98C4C306F}.Debug|iPhoneSimulator.ActiveCfg = Debug|x86
		{C3BFE6A9-BC1B-4009-951D-15C98C4C306F}.Debug|iPhoneSimulator.Build.0 = Debug|x86
		{C3BFE6A9-BC1B-4009-951D-15C98C4C306F}.Debug|iPhoneSimulator.Deploy.0 = Debug|x86
		{C3BFE6A9-BC1B-4009-951D-15C98C4C306F}.Debug|x64.ActiveCfg = Debug|x64
		{C3BFE6A9-BC1B-4009-951D-15C98C4C306F}.Debug|x64.Build.0 = Debug|x64
		{C3BFE6A9-BC1B-4009-951D-15C98C4C306F}.Debug|x64.Deploy.0 = Debug|x64
		{C3BFE6A9-BC1B-4009-951D-15C98C4C306F}.Debug|x86.ActiveCfg = Debug|x86
		{C3BFE6A9-BC1B-4009-951D-15C98C4C306F}.Debug|x86.Build.0 = Debug|x86
		{C3BFE6A9-BC1B-4009-951D-15C98C4C306F}.Debug|x86.Deploy.0 = Debug|x86
		{C3BFE6A9-BC1B-4009-951D-15C98C4C306F}.Release|Any CPU.ActiveCfg = Release|x86
		{C3BFE6A9-BC1B-4009-951D-15C98C4C306F}.Release|Any CPU.Build.0 = Release|x86
		{C3BFE6A9-BC1B-4009-951D-15C98C4C306F}.Release|Any CPU.Deploy.0 = Release|x86
		{C3BFE6A9-BC1B-4009-951D-15C98C4C306F}.Release|ARM.ActiveCfg = Release|ARM
		{C3BFE6A9-BC1B-4009-951D-15C98C4C306F}.Release|ARM.Build.0 = Release|ARM
		{C3BFE6A9-BC1B-4009-951D-15C98C4C306F}.Release|ARM.Deploy.0 = Release|ARM
		{C3BFE6A9-BC1B-4009-951D-15C98C4C306F}.Release|iPhone.ActiveCfg = Release|x86
		{C3BFE6A9-BC1B-4009-951D-15C98C4C306F}.Release|iPhone.Build.0 = Release|x86
		{C3BFE6A9-BC1B-4009-951D-15C98C4C306F}.Release|iPhone.Deploy.0 = Release|x86
		{C3BFE6A9-BC1B-4009-951D-15C98C4C306F}.Release|iPhoneSimulator.ActiveCfg = Release|x86
		{C3BFE6A9-BC1B-4009-951D-15C98C4C306F}.Release|iPhoneSimulator.Build.0 = Release|x86
		{C3BFE6A9-BC1B-4009-951D-15C98C4C306F}.Release|iPhoneSimulator.Deploy.0 = Release|x86
		{C3BFE6A9-BC1B-4009-951D-15C98C4C306F}.Release|x64.ActiveCfg = Release|x64
		{C3BFE6A9-BC1B-4009-951D-15C98C4C306F}.Release|x64.Build.0 = Release|x64
		{C3BFE6A9-BC1B-4009-951D-15C98C4C306F}.Release|x64.Deploy.0 = Release|x64
		{C3BFE6A9-BC1B-4009-951D-15C98C4C306F}.Release|x86.ActiveCfg = Release|x86
		{C3BFE6A9-BC1B-4009-951D-15C98C4C306F}.Release|x86.Build.0 = Release|x86
		{C3BFE6A9-BC1B-4009-951D-15C98C4C306F}.Release|x86.Deploy.0 = Release|x86
		{119924A2-977D-43E1-8FB1-0444F6663131}.Debug|Any CPU.ActiveCfg = Debug|Any CPU
		{119924A2-977D-43E1-8FB1-0444F6663131}.Debug|Any CPU.Build.0 = Debug|Any CPU
		{119924A2-977D-43E1-8FB1-0444F6663131}.Debug|Any CPU.Deploy.0 = Debug|Any CPU
		{119924A2-977D-43E1-8FB1-0444F6663131}.Debug|ARM.ActiveCfg = Debug|Any CPU
		{119924A2-977D-43E1-8FB1-0444F6663131}.Debug|ARM.Build.0 = Debug|Any CPU
		{119924A2-977D-43E1-8FB1-0444F6663131}.Debug|ARM.Deploy.0 = Debug|Any CPU
		{119924A2-977D-43E1-8FB1-0444F6663131}.Debug|iPhone.ActiveCfg = Debug|Any CPU
		{119924A2-977D-43E1-8FB1-0444F6663131}.Debug|iPhone.Build.0 = Debug|Any CPU
		{119924A2-977D-43E1-8FB1-0444F6663131}.Debug|iPhone.Deploy.0 = Debug|Any CPU
		{119924A2-977D-43E1-8FB1-0444F6663131}.Debug|iPhoneSimulator.ActiveCfg = Debug|Any CPU
		{119924A2-977D-43E1-8FB1-0444F6663131}.Debug|iPhoneSimulator.Build.0 = Debug|Any CPU
		{119924A2-977D-43E1-8FB1-0444F6663131}.Debug|iPhoneSimulator.Deploy.0 = Debug|Any CPU
		{119924A2-977D-43E1-8FB1-0444F6663131}.Debug|x64.ActiveCfg = Debug|Any CPU
		{119924A2-977D-43E1-8FB1-0444F6663131}.Debug|x64.Build.0 = Debug|Any CPU
		{119924A2-977D-43E1-8FB1-0444F6663131}.Debug|x64.Deploy.0 = Debug|Any CPU
		{119924A2-977D-43E1-8FB1-0444F6663131}.Debug|x86.ActiveCfg = Debug|Any CPU
		{119924A2-977D-43E1-8FB1-0444F6663131}.Debug|x86.Build.0 = Debug|Any CPU
		{119924A2-977D-43E1-8FB1-0444F6663131}.Debug|x86.Deploy.0 = Debug|Any CPU
		{119924A2-977D-43E1-8FB1-0444F6663131}.Release|Any CPU.ActiveCfg = Release|Any CPU
		{119924A2-977D-43E1-8FB1-0444F6663131}.Release|Any CPU.Build.0 = Release|Any CPU
		{119924A2-977D-43E1-8FB1-0444F6663131}.Release|Any CPU.Deploy.0 = Release|Any CPU
		{119924A2-977D-43E1-8FB1-0444F6663131}.Release|ARM.ActiveCfg = Release|Any CPU
		{119924A2-977D-43E1-8FB1-0444F6663131}.Release|ARM.Build.0 = Release|Any CPU
		{119924A2-977D-43E1-8FB1-0444F6663131}.Release|ARM.Deploy.0 = Release|Any CPU
		{119924A2-977D-43E1-8FB1-0444F6663131}.Release|iPhone.ActiveCfg = Release|Any CPU
		{119924A2-977D-43E1-8FB1-0444F6663131}.Release|iPhone.Build.0 = Release|Any CPU
		{119924A2-977D-43E1-8FB1-0444F6663131}.Release|iPhone.Deploy.0 = Release|Any CPU
		{119924A2-977D-43E1-8FB1-0444F6663131}.Release|iPhoneSimulator.ActiveCfg = Release|Any CPU
		{119924A2-977D-43E1-8FB1-0444F6663131}.Release|iPhoneSimulator.Build.0 = Release|Any CPU
		{119924A2-977D-43E1-8FB1-0444F6663131}.Release|iPhoneSimulator.Deploy.0 = Release|Any CPU
		{119924A2-977D-43E1-8FB1-0444F6663131}.Release|x64.ActiveCfg = Release|Any CPU
		{119924A2-977D-43E1-8FB1-0444F6663131}.Release|x64.Build.0 = Release|Any CPU
		{119924A2-977D-43E1-8FB1-0444F6663131}.Release|x64.Deploy.0 = Release|Any CPU
		{119924A2-977D-43E1-8FB1-0444F6663131}.Release|x86.ActiveCfg = Release|Any CPU
		{119924A2-977D-43E1-8FB1-0444F6663131}.Release|x86.Build.0 = Release|Any CPU
		{119924A2-977D-43E1-8FB1-0444F6663131}.Release|x86.Deploy.0 = Release|Any CPU
		{82037EBE-34BB-4758-999E-555F125CE50B}.Debug|Any CPU.ActiveCfg = Debug|iPhoneSimulator
		{82037EBE-34BB-4758-999E-555F125CE50B}.Debug|Any CPU.Build.0 = Debug|iPhoneSimulator
		{82037EBE-34BB-4758-999E-555F125CE50B}.Debug|Any CPU.Deploy.0 = Debug|iPhoneSimulator
		{82037EBE-34BB-4758-999E-555F125CE50B}.Debug|ARM.ActiveCfg = Debug|iPhone
		{82037EBE-34BB-4758-999E-555F125CE50B}.Debug|ARM.Build.0 = Debug|iPhone
		{82037EBE-34BB-4758-999E-555F125CE50B}.Debug|ARM.Deploy.0 = Debug|iPhone
		{82037EBE-34BB-4758-999E-555F125CE50B}.Debug|iPhone.ActiveCfg = Debug|iPhone
		{82037EBE-34BB-4758-999E-555F125CE50B}.Debug|iPhone.Build.0 = Debug|iPhone
		{82037EBE-34BB-4758-999E-555F125CE50B}.Debug|iPhone.Deploy.0 = Debug|iPhone
		{82037EBE-34BB-4758-999E-555F125CE50B}.Debug|iPhoneSimulator.ActiveCfg = Debug|iPhoneSimulator
		{82037EBE-34BB-4758-999E-555F125CE50B}.Debug|iPhoneSimulator.Build.0 = Debug|iPhoneSimulator
		{82037EBE-34BB-4758-999E-555F125CE50B}.Debug|iPhoneSimulator.Deploy.0 = Debug|iPhoneSimulator
		{82037EBE-34BB-4758-999E-555F125CE50B}.Debug|x64.ActiveCfg = Debug|iPhoneSimulator
		{82037EBE-34BB-4758-999E-555F125CE50B}.Debug|x64.Build.0 = Debug|iPhoneSimulator
		{82037EBE-34BB-4758-999E-555F125CE50B}.Debug|x64.Deploy.0 = Debug|iPhoneSimulator
		{82037EBE-34BB-4758-999E-555F125CE50B}.Debug|x86.ActiveCfg = Debug|iPhoneSimulator
		{82037EBE-34BB-4758-999E-555F125CE50B}.Debug|x86.Build.0 = Debug|iPhoneSimulator
		{82037EBE-34BB-4758-999E-555F125CE50B}.Debug|x86.Deploy.0 = Debug|iPhoneSimulator
		{82037EBE-34BB-4758-999E-555F125CE50B}.Release|Any CPU.ActiveCfg = Release|iPhoneSimulator
		{82037EBE-34BB-4758-999E-555F125CE50B}.Release|Any CPU.Build.0 = Release|iPhoneSimulator
		{82037EBE-34BB-4758-999E-555F125CE50B}.Release|Any CPU.Deploy.0 = Release|iPhoneSimulator
		{82037EBE-34BB-4758-999E-555F125CE50B}.Release|ARM.ActiveCfg = Release|iPhoneSimulator
		{82037EBE-34BB-4758-999E-555F125CE50B}.Release|ARM.Build.0 = Release|iPhoneSimulator
		{82037EBE-34BB-4758-999E-555F125CE50B}.Release|ARM.Deploy.0 = Release|iPhoneSimulator
		{82037EBE-34BB-4758-999E-555F125CE50B}.Release|iPhone.ActiveCfg = Release|iPhone
		{82037EBE-34BB-4758-999E-555F125CE50B}.Release|iPhone.Build.0 = Release|iPhone
		{82037EBE-34BB-4758-999E-555F125CE50B}.Release|iPhone.Deploy.0 = Release|iPhone
		{82037EBE-34BB-4758-999E-555F125CE50B}.Release|iPhoneSimulator.ActiveCfg = Release|iPhoneSimulator
		{82037EBE-34BB-4758-999E-555F125CE50B}.Release|iPhoneSimulator.Build.0 = Release|iPhoneSimulator
		{82037EBE-34BB-4758-999E-555F125CE50B}.Release|iPhoneSimulator.Deploy.0 = Release|iPhoneSimulator
		{82037EBE-34BB-4758-999E-555F125CE50B}.Release|x64.ActiveCfg = Release|iPhoneSimulator
		{82037EBE-34BB-4758-999E-555F125CE50B}.Release|x64.Build.0 = Release|iPhoneSimulator
		{82037EBE-34BB-4758-999E-555F125CE50B}.Release|x64.Deploy.0 = Release|iPhoneSimulator
		{82037EBE-34BB-4758-999E-555F125CE50B}.Release|x86.ActiveCfg = Release|iPhoneSimulator
		{82037EBE-34BB-4758-999E-555F125CE50B}.Release|x86.Build.0 = Release|iPhoneSimulator
		{82037EBE-34BB-4758-999E-555F125CE50B}.Release|x86.Deploy.0 = Release|iPhoneSimulator
		{D86ECAF4-AACE-4A61-BB18-0F139C060CC5}.Debug|Any CPU.ActiveCfg = Debug|Any CPU
		{D86ECAF4-AACE-4A61-BB18-0F139C060CC5}.Debug|Any CPU.Build.0 = Debug|Any CPU
		{D86ECAF4-AACE-4A61-BB18-0F139C060CC5}.Debug|Any CPU.Deploy.0 = Debug|Any CPU
		{D86ECAF4-AACE-4A61-BB18-0F139C060CC5}.Debug|ARM.ActiveCfg = Debug|Any CPU
		{D86ECAF4-AACE-4A61-BB18-0F139C060CC5}.Debug|ARM.Build.0 = Debug|Any CPU
		{D86ECAF4-AACE-4A61-BB18-0F139C060CC5}.Debug|ARM.Deploy.0 = Debug|Any CPU
		{D86ECAF4-AACE-4A61-BB18-0F139C060CC5}.Debug|iPhone.ActiveCfg = Debug|Any CPU
		{D86ECAF4-AACE-4A61-BB18-0F139C060CC5}.Debug|iPhone.Build.0 = Debug|Any CPU
		{D86ECAF4-AACE-4A61-BB18-0F139C060CC5}.Debug|iPhone.Deploy.0 = Debug|Any CPU
		{D86ECAF4-AACE-4A61-BB18-0F139C060CC5}.Debug|iPhoneSimulator.ActiveCfg = Debug|Any CPU
		{D86ECAF4-AACE-4A61-BB18-0F139C060CC5}.Debug|iPhoneSimulator.Build.0 = Debug|Any CPU
		{D86ECAF4-AACE-4A61-BB18-0F139C060CC5}.Debug|iPhoneSimulator.Deploy.0 = Debug|Any CPU
		{D86ECAF4-AACE-4A61-BB18-0F139C060CC5}.Debug|x64.ActiveCfg = Debug|Any CPU
		{D86ECAF4-AACE-4A61-BB18-0F139C060CC5}.Debug|x64.Build.0 = Debug|Any CPU
		{D86ECAF4-AACE-4A61-BB18-0F139C060CC5}.Debug|x64.Deploy.0 = Debug|Any CPU
		{D86ECAF4-AACE-4A61-BB18-0F139C060CC5}.Debug|x86.ActiveCfg = Debug|Any CPU
		{D86ECAF4-AACE-4A61-BB18-0F139C060CC5}.Debug|x86.Build.0 = Debug|Any CPU
		{D86ECAF4-AACE-4A61-BB18-0F139C060CC5}.Debug|x86.Deploy.0 = Debug|Any CPU
		{D86ECAF4-AACE-4A61-BB18-0F139C060CC5}.Release|Any CPU.ActiveCfg = Release|Any CPU
		{D86ECAF4-AACE-4A61-BB18-0F139C060CC5}.Release|Any CPU.Build.0 = Release|Any CPU
		{D86ECAF4-AACE-4A61-BB18-0F139C060CC5}.Release|Any CPU.Deploy.0 = Release|Any CPU
		{D86ECAF4-AACE-4A61-BB18-0F139C060CC5}.Release|ARM.ActiveCfg = Release|Any CPU
		{D86ECAF4-AACE-4A61-BB18-0F139C060CC5}.Release|ARM.Build.0 = Release|Any CPU
		{D86ECAF4-AACE-4A61-BB18-0F139C060CC5}.Release|ARM.Deploy.0 = Release|Any CPU
		{D86ECAF4-AACE-4A61-BB18-0F139C060CC5}.Release|iPhone.ActiveCfg = Release|Any CPU
		{D86ECAF4-AACE-4A61-BB18-0F139C060CC5}.Release|iPhone.Build.0 = Release|Any CPU
		{D86ECAF4-AACE-4A61-BB18-0F139C060CC5}.Release|iPhone.Deploy.0 = Release|Any CPU
		{D86ECAF4-AACE-4A61-BB18-0F139C060CC5}.Release|iPhoneSimulator.ActiveCfg = Release|Any CPU
		{D86ECAF4-AACE-4A61-BB18-0F139C060CC5}.Release|iPhoneSimulator.Build.0 = Release|Any CPU
		{D86ECAF4-AACE-4A61-BB18-0F139C060CC5}.Release|iPhoneSimulator.Deploy.0 = Release|Any CPU
		{D86ECAF4-AACE-4A61-BB18-0F139C060CC5}.Release|x64.ActiveCfg = Release|Any CPU
		{D86ECAF4-AACE-4A61-BB18-0F139C060CC5}.Release|x64.Build.0 = Release|Any CPU
		{D86ECAF4-AACE-4A61-BB18-0F139C060CC5}.Release|x64.Deploy.0 = Release|Any CPU
		{D86ECAF4-AACE-4A61-BB18-0F139C060CC5}.Release|x86.ActiveCfg = Release|Any CPU
		{D86ECAF4-AACE-4A61-BB18-0F139C060CC5}.Release|x86.Build.0 = Release|Any CPU
		{D86ECAF4-AACE-4A61-BB18-0F139C060CC5}.Release|x86.Deploy.0 = Release|Any CPU
	EndGlobalSection
	GlobalSection(SolutionProperties) = preSolution
		HideSolutionNode = FALSE
	EndGlobalSection
	GlobalSection(ExtensibilityGlobals) = postSolution
		SolutionGuid = {8480695D-2624-4D1C-9510-B22D2AACC1D4}
	EndGlobalSection
EndGlobal
